
Microsoft Visual Studio Solution File, Format Version 12.00
# Visual Studio Version 17
VisualStudioVersion = 17.3.32922.545
MinimumVisualStudioVersion = 10.0.40219.1
Project("{FAE04EC0-301F-11D3-BF4B-00C04F79EFBC}") = "CalProTein", "CalProTein.csproj", "{BDD2B08E-817E-4923-A239-630C7F018FA1}"
EndProject
Global
	GlobalSection(SolutionConfigurationPlatforms) = preSolution
		Debug|Any CPU = Debug|Any CPU
		Release|Any CPU = Release|Any CPU
	EndGlobalSection
	GlobalSection(ProjectConfigurationPlatforms) = postSolution
		{BDD2B08E-817E-4923-A239-630C7F018FA1}.Debug|Any CPU.ActiveCfg = Debug|Any CPU
		{BDD2B08E-817E-4923-A239-630C7F018FA1}.Debug|Any CPU.Build.0 = Debug|Any CPU
		{BDD2B08E-817E-4923-A239-630C7F018FA1}.Release|Any CPU.ActiveCfg = Release|Any CPU
		{BDD2B08E-817E-4923-A239-630C7F018FA1}.Release|Any CPU.Build.0 = Release|Any CPU
	EndGlobalSection
	GlobalSection(SolutionProperties) = preSolution
		HideSolutionNode = FALSE
	EndGlobalSection
	GlobalSection(ExtensibilityGlobals) = postSolution
		SolutionGuid = {CB222BF5-A149-4DCB-B7AB-D93A07B5B043}
	EndGlobalSection
EndGlobal
